// !$*UTF8*$!
{
	archiveVersion = 1;
	classes = {
	};
	objectVersion = 50;
	objects = {

/* Begin PBXBuildFile section */
		BAD990B126D3AC070049EAB1 /* AppDelegate.swift in Sources */ = {isa = PBXBuildFile; fileRef = BAD990B026D3AC070049EAB1 /* AppDelegate.swift */; };
		BAD990B526D3AC070049EAB1 /* RecordViewController.swift in Sources */ = {isa = PBXBuildFile; fileRef = BAD990B426D3AC070049EAB1 /* RecordViewController.swift */; };
		BAD990BA26D3AC0F0049EAB1 /* Assets.xcassets in Resources */ = {isa = PBXBuildFile; fileRef = BAD990B926D3AC0F0049EAB1 /* Assets.xcassets */; };
		BAD990BD26D3AC0F0049EAB1 /* LaunchScreen.storyboard in Resources */ = {isa = PBXBuildFile; fileRef = BAD990BB26D3AC0F0049EAB1 /* LaunchScreen.storyboard */; };
		BAD990CA26D3B23A0049EAB1 /* TabBarController.swift in Sources */ = {isa = PBXBuildFile; fileRef = BAD990C926D3B23A0049EAB1 /* TabBarController.swift */; };
		BAD990CF26D3B94E0049EAB1 /* FirstRecord.storyboard in Resources */ = {isa = PBXBuildFile; fileRef = BAD990CE26D3B94E0049EAB1 /* FirstRecord.storyboard */; };
		BAD990D126D3B9740049EAB1 /* FirstMyData.storyboard in Resources */ = {isa = PBXBuildFile; fileRef = BAD990D026D3B9740049EAB1 /* FirstMyData.storyboard */; };
		BAD990D326D3B98A0049EAB1 /* FirstMyPage.storyboard in Resources */ = {isa = PBXBuildFile; fileRef = BAD990D226D3B98A0049EAB1 /* FirstMyPage.storyboard */; };
		BAD990D526D3BA910049EAB1 /* MyDataViewController.swift in Sources */ = {isa = PBXBuildFile; fileRef = BAD990D426D3BA910049EAB1 /* MyDataViewController.swift */; };
		BAD990D726D3BADC0049EAB1 /* MyPageViewController.swift in Sources */ = {isa = PBXBuildFile; fileRef = BAD990D626D3BADC0049EAB1 /* MyPageViewController.swift */; };
		BAD990D926D7B1CC0049EAB1 /* Date.swift in Sources */ = {isa = PBXBuildFile; fileRef = BAD990D826D7B1CB0049EAB1 /* Date.swift */; };
		BAD990DB26D86AD10049EAB1 /* UIColorHex.swift in Sources */ = {isa = PBXBuildFile; fileRef = BAD990DA26D86AD10049EAB1 /* UIColorHex.swift */; };
		BAF59EE826D92FA50064A91A /* SectionHeaderView.swift in Sources */ = {isa = PBXBuildFile; fileRef = BAF59EE726D92FA50064A91A /* SectionHeaderView.swift */; };
		BAF59EEA26D931590064A91A /* SectionHeaderView.xib in Resources */ = {isa = PBXBuildFile; fileRef = BAF59EE926D931590064A91A /* SectionHeaderView.xib */; };
		BAF59EEC26D9BB6B0064A91A /* SectionHeader.swift in Sources */ = {isa = PBXBuildFile; fileRef = BAF59EEB26D9BB6B0064A91A /* SectionHeader.swift */; };
		BAF59EF026D9F40A0064A91A /* FolderTableViewCell.swift in Sources */ = {isa = PBXBuildFile; fileRef = BAF59EEE26D9F40A0064A91A /* FolderTableViewCell.swift */; };
		BAF59EF126D9F40A0064A91A /* FolderTableViewCell.xib in Resources */ = {isa = PBXBuildFile; fileRef = BAF59EEF26D9F40A0064A91A /* FolderTableViewCell.xib */; };
		BAF59EF426D9FEEB0064A91A /* FileViewController.swift in Sources */ = {isa = PBXBuildFile; fileRef = BAF59EF326D9FEEB0064A91A /* FileViewController.swift */; };
		BAF59EF626D9FF530064A91A /* SecondMyPage.storyboard in Resources */ = {isa = PBXBuildFile; fileRef = BAF59EF526D9FF530064A91A /* SecondMyPage.storyboard */; };
		BAF59EFA26DA058A0064A91A /* FileTableViewCell.swift in Sources */ = {isa = PBXBuildFile; fileRef = BAF59EF826DA058A0064A91A /* FileTableViewCell.swift */; };
		BAF59EFB26DA058A0064A91A /* FileTableViewCell.xib in Resources */ = {isa = PBXBuildFile; fileRef = BAF59EF926DA058A0064A91A /* FileTableViewCell.xib */; };
		BAF59EFD26DA26F70064A91A /* Today.swift in Sources */ = {isa = PBXBuildFile; fileRef = BAF59EFC26DA26F60064A91A /* Today.swift */; };
		BAF59EFF26DA37390064A91A /* WeekDay.swift in Sources */ = {isa = PBXBuildFile; fileRef = BAF59EFE26DA37380064A91A /* WeekDay.swift */; };
		BAF59F9126DBE22C0064A91A /* SecondMyData.storyboard in Resources */ = {isa = PBXBuildFile; fileRef = BAF59F9026DBE22C0064A91A /* SecondMyData.storyboard */; };
		BAF59F9326DBE9ED0064A91A /* UIView+Constraint.swift in Sources */ = {isa = PBXBuildFile; fileRef = BAF59F9226DBE9ED0064A91A /* UIView+Constraint.swift */; };
		BAF59F9526DBEA1D0064A91A /* MySwitcherConfig.swift in Sources */ = {isa = PBXBuildFile; fileRef = BAF59F9426DBEA1D0064A91A /* MySwitcherConfig.swift */; };
		BAF59F9826DBEA580064A91A /* MySwitcherView.swift in Sources */ = {isa = PBXBuildFile; fileRef = BAF59F9726DBEA580064A91A /* MySwitcherView.swift */; };
		BAF59F9A26DBEA890064A91A /* MySwticherContentView.swift in Sources */ = {isa = PBXBuildFile; fileRef = BAF59F9926DBEA890064A91A /* MySwticherContentView.swift */; };
		BAF59F9C26DBEAB90064A91A /* MySwitcherViewController.swift in Sources */ = {isa = PBXBuildFile; fileRef = BAF59F9B26DBEAB80064A91A /* MySwitcherViewController.swift */; };
		BAF59F9E26DBEB570064A91A /* MySwitcherViewController+setup.swift in Sources */ = {isa = PBXBuildFile; fileRef = BAF59F9D26DBEB570064A91A /* MySwitcherViewController+setup.swift */; };
		BAF59FA026DBEB6B0064A91A /* MySwitcherViewController+delegate.swift in Sources */ = {isa = PBXBuildFile; fileRef = BAF59F9F26DBEB6B0064A91A /* MySwitcherViewController+delegate.swift */; };
		BAF59FA226DBEB950064A91A /* ContentViewController.swift in Sources */ = {isa = PBXBuildFile; fileRef = BAF59FA126DBEB950064A91A /* ContentViewController.swift */; };
		BAF59FA426DBEBB00064A91A /* ContentViewController.storyboard in Resources */ = {isa = PBXBuildFile; fileRef = BAF59FA326DBEBB00064A91A /* ContentViewController.storyboard */; };
/* End PBXBuildFile section */

/* Begin PBXFileReference section */
		BAD990AD26D3AC070049EAB1 /* TableView_Practice1.app */ = {isa = PBXFileReference; explicitFileType = wrapper.application; includeInIndex = 0; path = TableView_Practice1.app; sourceTree = BUILT_PRODUCTS_DIR; };
		BAD990B026D3AC070049EAB1 /* AppDelegate.swift */ = {isa = PBXFileReference; lastKnownFileType = sourcecode.swift; path = AppDelegate.swift; sourceTree = "<group>"; };
		BAD990B426D3AC070049EAB1 /* RecordViewController.swift */ = {isa = PBXFileReference; lastKnownFileType = sourcecode.swift; path = RecordViewController.swift; sourceTree = "<group>"; };
		BAD990B926D3AC0F0049EAB1 /* Assets.xcassets */ = {isa = PBXFileReference; lastKnownFileType = folder.assetcatalog; path = Assets.xcassets; sourceTree = "<group>"; };
		BAD990BC26D3AC0F0049EAB1 /* Base */ = {isa = PBXFileReference; lastKnownFileType = file.storyboard; name = Base; path = Base.lproj/LaunchScreen.storyboard; sourceTree = "<group>"; };
		BAD990BE26D3AC0F0049EAB1 /* Info.plist */ = {isa = PBXFileReference; lastKnownFileType = text.plist.xml; path = Info.plist; sourceTree = "<group>"; };
		BAD990C926D3B23A0049EAB1 /* TabBarController.swift */ = {isa = PBXFileReference; lastKnownFileType = sourcecode.swift; path = TabBarController.swift; sourceTree = "<group>"; };
		BAD990CE26D3B94E0049EAB1 /* FirstRecord.storyboard */ = {isa = PBXFileReference; lastKnownFileType = file.storyboard; path = FirstRecord.storyboard; sourceTree = "<group>"; };
		BAD990D026D3B9740049EAB1 /* FirstMyData.storyboard */ = {isa = PBXFileReference; lastKnownFileType = file.storyboard; path = FirstMyData.storyboard; sourceTree = "<group>"; };
		BAD990D226D3B98A0049EAB1 /* FirstMyPage.storyboard */ = {isa = PBXFileReference; lastKnownFileType = file.storyboard; path = FirstMyPage.storyboard; sourceTree = "<group>"; };
		BAD990D426D3BA910049EAB1 /* MyDataViewController.swift */ = {isa = PBXFileReference; lastKnownFileType = sourcecode.swift; path = MyDataViewController.swift; sourceTree = "<group>"; };
		BAD990D626D3BADC0049EAB1 /* MyPageViewController.swift */ = {isa = PBXFileReference; lastKnownFileType = sourcecode.swift; path = MyPageViewController.swift; sourceTree = "<group>"; };
		BAD990D826D7B1CB0049EAB1 /* Date.swift */ = {isa = PBXFileReference; lastKnownFileType = sourcecode.swift; path = Date.swift; sourceTree = "<group>"; };
		BAD990DA26D86AD10049EAB1 /* UIColorHex.swift */ = {isa = PBXFileReference; lastKnownFileType = sourcecode.swift; path = UIColorHex.swift; sourceTree = "<group>"; };
		BAF59EE726D92FA50064A91A /* SectionHeaderView.swift */ = {isa = PBXFileReference; lastKnownFileType = sourcecode.swift; path = SectionHeaderView.swift; sourceTree = "<group>"; };
		BAF59EE926D931590064A91A /* SectionHeaderView.xib */ = {isa = PBXFileReference; lastKnownFileType = file.xib; path = SectionHeaderView.xib; sourceTree = "<group>"; };
		BAF59EEB26D9BB6B0064A91A /* SectionHeader.swift */ = {isa = PBXFileReference; lastKnownFileType = sourcecode.swift; path = SectionHeader.swift; sourceTree = "<group>"; };
		BAF59EEE26D9F40A0064A91A /* FolderTableViewCell.swift */ = {isa = PBXFileReference; lastKnownFileType = sourcecode.swift; path = FolderTableViewCell.swift; sourceTree = "<group>"; };
		BAF59EEF26D9F40A0064A91A /* FolderTableViewCell.xib */ = {isa = PBXFileReference; lastKnownFileType = file.xib; path = FolderTableViewCell.xib; sourceTree = "<group>"; };
		BAF59EF326D9FEEB0064A91A /* FileViewController.swift */ = {isa = PBXFileReference; lastKnownFileType = sourcecode.swift; path = FileViewController.swift; sourceTree = "<group>"; };
		BAF59EF526D9FF530064A91A /* SecondMyPage.storyboard */ = {isa = PBXFileReference; lastKnownFileType = file.storyboard; path = SecondMyPage.storyboard; sourceTree = "<group>"; };
		BAF59EF826DA058A0064A91A /* FileTableViewCell.swift */ = {isa = PBXFileReference; lastKnownFileType = sourcecode.swift; path = FileTableViewCell.swift; sourceTree = "<group>"; };
		BAF59EF926DA058A0064A91A /* FileTableViewCell.xib */ = {isa = PBXFileReference; lastKnownFileType = file.xib; path = FileTableViewCell.xib; sourceTree = "<group>"; };
		BAF59EFC26DA26F60064A91A /* Today.swift */ = {isa = PBXFileReference; lastKnownFileType = sourcecode.swift; path = Today.swift; sourceTree = "<group>"; };
		BAF59EFE26DA37380064A91A /* WeekDay.swift */ = {isa = PBXFileReference; lastKnownFileType = sourcecode.swift; path = WeekDay.swift; sourceTree = "<group>"; };
		BAF59F9026DBE22C0064A91A /* SecondMyData.storyboard */ = {isa = PBXFileReference; lastKnownFileType = file.storyboard; path = SecondMyData.storyboard; sourceTree = "<group>"; };
		BAF59F9226DBE9ED0064A91A /* UIView+Constraint.swift */ = {isa = PBXFileReference; lastKnownFileType = sourcecode.swift; path = "UIView+Constraint.swift"; sourceTree = "<group>"; };
		BAF59F9426DBEA1D0064A91A /* MySwitcherConfig.swift */ = {isa = PBXFileReference; lastKnownFileType = sourcecode.swift; path = MySwitcherConfig.swift; sourceTree = "<group>"; };
		BAF59F9726DBEA580064A91A /* MySwitcherView.swift */ = {isa = PBXFileReference; lastKnownFileType = sourcecode.swift; path = MySwitcherView.swift; sourceTree = "<group>"; };
		BAF59F9926DBEA890064A91A /* MySwticherContentView.swift */ = {isa = PBXFileReference; lastKnownFileType = sourcecode.swift; path = MySwticherContentView.swift; sourceTree = "<group>"; };
		BAF59F9B26DBEAB80064A91A /* MySwitcherViewController.swift */ = {isa = PBXFileReference; lastKnownFileType = sourcecode.swift; path = MySwitcherViewController.swift; sourceTree = "<group>"; };
		BAF59F9D26DBEB570064A91A /* MySwitcherViewController+setup.swift */ = {isa = PBXFileReference; lastKnownFileType = sourcecode.swift; path = "MySwitcherViewController+setup.swift"; sourceTree = "<group>"; };
		BAF59F9F26DBEB6B0064A91A /* MySwitcherViewController+delegate.swift */ = {isa = PBXFileReference; lastKnownFileType = sourcecode.swift; path = "MySwitcherViewController+delegate.swift"; sourceTree = "<group>"; };
		BAF59FA126DBEB950064A91A /* ContentViewController.swift */ = {isa = PBXFileReference; lastKnownFileType = sourcecode.swift; path = ContentViewController.swift; sourceTree = "<group>"; };
		BAF59FA326DBEBB00064A91A /* ContentViewController.storyboard */ = {isa = PBXFileReference; lastKnownFileType = file.storyboard; path = ContentViewController.storyboard; sourceTree = "<group>"; };
/* End PBXFileReference section */

/* Begin PBXFrameworksBuildPhase section */
		BAD990AA26D3AC070049EAB1 /* Frameworks */ = {
			isa = PBXFrameworksBuildPhase;
			buildActionMask = 2147483647;
			files = (
			);
			runOnlyForDeploymentPostprocessing = 0;
		};
/* End PBXFrameworksBuildPhase section */

/* Begin PBXGroup section */
		BAD990A426D3AC070049EAB1 = {
			isa = PBXGroup;
			children = (
				BAD990AF26D3AC070049EAB1 /* TableView_Practice1 */,
				BAD990AE26D3AC070049EAB1 /* Products */,
			);
			sourceTree = "<group>";
		};
		BAD990AE26D3AC070049EAB1 /* Products */ = {
			isa = PBXGroup;
			children = (
				BAD990AD26D3AC070049EAB1 /* TableView_Practice1.app */,
			);
			name = Products;
			sourceTree = "<group>";
		};
		BAD990AF26D3AC070049EAB1 /* TableView_Practice1 */ = {
			isa = PBXGroup;
			children = (
				BAD990B026D3AC070049EAB1 /* AppDelegate.swift */,
				BAD990DC26D888BC0049EAB1 /* Extension */,
				BAD990C526D3B1490049EAB1 /* Models */,
				BAF59EE426D92CAC0064A91A /* View */,
				BAD990C426D3B1370049EAB1 /* ViewControllers */,
				BAD990BB26D3AC0F0049EAB1 /* LaunchScreen.storyboard */,
				BAD990BE26D3AC0F0049EAB1 /* Info.plist */,
			);
			path = TableView_Practice1;
			sourceTree = "<group>";
		};
		BAD990C426D3B1370049EAB1 /* ViewControllers */ = {
			isa = PBXGroup;
			children = (
				BAD990C926D3B23A0049EAB1 /* TabBarController.swift */,
				BAD990B426D3AC070049EAB1 /* RecordViewController.swift */,
				BAF59F8D26DBE1A10064A91A /* MyData */,
				BAF59EF226D9FEC20064A91A /* MyPage */,
			);
			path = ViewControllers;
			sourceTree = "<group>";
		};
		BAD990C526D3B1490049EAB1 /* Models */ = {
			isa = PBXGroup;
			children = (
				BAF59EEB26D9BB6B0064A91A /* SectionHeader.swift */,
				BAD990D826D7B1CB0049EAB1 /* Date.swift */,
				BAF59EFE26DA37380064A91A /* WeekDay.swift */,
				BAF59EFC26DA26F60064A91A /* Today.swift */,
				BAF59F9426DBEA1D0064A91A /* MySwitcherConfig.swift */,
			);
			path = Models;
			sourceTree = "<group>";
		};
		BAD990C626D3B1A30049EAB1 /* Storyboard */ = {
			isa = PBXGroup;
			children = (
				BAD990CB26D3B6B90049EAB1 /* Record */,
				BAD990CC26D3B6C90049EAB1 /* MyData */,
				BAD990CD26D3B73B0049EAB1 /* MyPage */,
			);
			path = Storyboard;
			sourceTree = "<group>";
		};
		BAD990CB26D3B6B90049EAB1 /* Record */ = {
			isa = PBXGroup;
			children = (
				BAD990CE26D3B94E0049EAB1 /* FirstRecord.storyboard */,
			);
			path = Record;
			sourceTree = "<group>";
		};
		BAD990CC26D3B6C90049EAB1 /* MyData */ = {
			isa = PBXGroup;
			children = (
				BAD990D026D3B9740049EAB1 /* FirstMyData.storyboard */,
				BAF59F9026DBE22C0064A91A /* SecondMyData.storyboard */,
				BAF59FA326DBEBB00064A91A /* ContentViewController.storyboard */,
			);
			path = MyData;
			sourceTree = "<group>";
		};
		BAD990CD26D3B73B0049EAB1 /* MyPage */ = {
			isa = PBXGroup;
			children = (
				BAD990D226D3B98A0049EAB1 /* FirstMyPage.storyboard */,
				BAF59EF526D9FF530064A91A /* SecondMyPage.storyboard */,
			);
			path = MyPage;
			sourceTree = "<group>";
		};
		BAD990DC26D888BC0049EAB1 /* Extension */ = {
			isa = PBXGroup;
			children = (
				BAD990DA26D86AD10049EAB1 /* UIColorHex.swift */,
				BAF59F9226DBE9ED0064A91A /* UIView+Constraint.swift */,
			);
			path = Extension;
			sourceTree = "<group>";
		};
		BAF59EE426D92CAC0064A91A /* View */ = {
			isa = PBXGroup;
			children = (
				BAD990B926D3AC0F0049EAB1 /* Assets.xcassets */,
				BAD990C626D3B1A30049EAB1 /* Storyboard */,
				BAF59EE526D92CE80064A91A /* Xib */,
			);
			path = View;
			sourceTree = "<group>";
		};
		BAF59EE526D92CE80064A91A /* Xib */ = {
			isa = PBXGroup;
			children = (
				BAF59EF726DA056D0064A91A /* FileTableViewCell */,
				BAF59EED26D9F3D80064A91A /* FolderTableViewCell */,
				BAF59EE626D92D090064A91A /* SectionHeaderView */,
			);
			path = Xib;
			sourceTree = "<group>";
		};
		BAF59EE626D92D090064A91A /* SectionHeaderView */ = {
			isa = PBXGroup;
			children = (
				BAF59EE726D92FA50064A91A /* SectionHeaderView.swift */,
				BAF59EE926D931590064A91A /* SectionHeaderView.xib */,
			);
			path = SectionHeaderView;
			sourceTree = "<group>";
		};
		BAF59EED26D9F3D80064A91A /* FolderTableViewCell */ = {
			isa = PBXGroup;
			children = (
				BAF59EEE26D9F40A0064A91A /* FolderTableViewCell.swift */,
				BAF59EEF26D9F40A0064A91A /* FolderTableViewCell.xib */,
			);
			path = FolderTableViewCell;
			sourceTree = "<group>";
		};
		BAF59EF226D9FEC20064A91A /* MyPage */ = {
			isa = PBXGroup;
			children = (
				BAD990D626D3BADC0049EAB1 /* MyPageViewController.swift */,
				BAF59EF326D9FEEB0064A91A /* FileViewController.swift */,
			);
			path = MyPage;
			sourceTree = "<group>";
		};
		BAF59EF726DA056D0064A91A /* FileTableViewCell */ = {
			isa = PBXGroup;
			children = (
				BAF59EF826DA058A0064A91A /* FileTableViewCell.swift */,
				BAF59EF926DA058A0064A91A /* FileTableViewCell.xib */,
			);
			path = FileTableViewCell;
			sourceTree = "<group>";
		};
		BAF59F8D26DBE1A10064A91A /* MyData */ = {
			isa = PBXGroup;
			children = (
				BAD990D426D3BA910049EAB1 /* MyDataViewController.swift */,
				BAF59F9B26DBEAB80064A91A /* MySwitcherViewController.swift */,
				BAF59F9626DBEA410064A91A /* Switcher */,
			);
			path = MyData;
			sourceTree = "<group>";
		};
		BAF59F9626DBEA410064A91A /* Switcher */ = {
			isa = PBXGroup;
			children = (
				BAF59F9726DBEA580064A91A /* MySwitcherView.swift */,
				BAF59F9926DBEA890064A91A /* MySwticherContentView.swift */,
				BAF59F9D26DBEB570064A91A /* MySwitcherViewController+setup.swift */,
				BAF59F9F26DBEB6B0064A91A /* MySwitcherViewController+delegate.swift */,
				BAF59FA126DBEB950064A91A /* ContentViewController.swift */,
			);
			path = Switcher;
			sourceTree = "<group>";
		};
/* End PBXGroup section */

/* Begin PBXNativeTarget section */
		BAD990AC26D3AC070049EAB1 /* TableView_Practice1 */ = {
			isa = PBXNativeTarget;
			buildConfigurationList = BAD990C126D3AC0F0049EAB1 /* Build configuration list for PBXNativeTarget "TableView_Practice1" */;
			buildPhases = (
				BAD990A926D3AC070049EAB1 /* Sources */,
				BAD990AA26D3AC070049EAB1 /* Frameworks */,
				BAD990AB26D3AC070049EAB1 /* Resources */,
			);
			buildRules = (
			);
			dependencies = (
			);
			name = TableView_Practice1;
			productName = TableView_Practice1;
			productReference = BAD990AD26D3AC070049EAB1 /* TableView_Practice1.app */;
			productType = "com.apple.product-type.application";
		};
/* End PBXNativeTarget section */

/* Begin PBXProject section */
		BAD990A526D3AC070049EAB1 /* Project object */ = {
			isa = PBXProject;
			attributes = {
				LastSwiftUpdateCheck = 1250;
				LastUpgradeCheck = 1250;
				TargetAttributes = {
					BAD990AC26D3AC070049EAB1 = {
						CreatedOnToolsVersion = 12.5.1;
					};
				};
			};
			buildConfigurationList = BAD990A826D3AC070049EAB1 /* Build configuration list for PBXProject "TableView_Practice1" */;
			compatibilityVersion = "Xcode 9.3";
			developmentRegion = en;
			hasScannedForEncodings = 0;
			knownRegions = (
				en,
				Base,
			);
			mainGroup = BAD990A426D3AC070049EAB1;
			productRefGroup = BAD990AE26D3AC070049EAB1 /* Products */;
			projectDirPath = "";
			projectRoot = "";
			targets = (
				BAD990AC26D3AC070049EAB1 /* TableView_Practice1 */,
			);
		};
/* End PBXProject section */

/* Begin PBXResourcesBuildPhase section */
		BAD990AB26D3AC070049EAB1 /* Resources */ = {
			isa = PBXResourcesBuildPhase;
			buildActionMask = 2147483647;
			files = (
				BAF59FA426DBEBB00064A91A /* ContentViewController.storyboard in Resources */,
				BAD990BD26D3AC0F0049EAB1 /* LaunchScreen.storyboard in Resources */,
				BAF59EEA26D931590064A91A /* SectionHeaderView.xib in Resources */,
				BAF59F9126DBE22C0064A91A /* SecondMyData.storyboard in Resources */,
				BAF59EF126D9F40A0064A91A /* FolderTableViewCell.xib in Resources */,
				BAD990D326D3B98A0049EAB1 /* FirstMyPage.storyboard in Resources */,
				BAD990D126D3B9740049EAB1 /* FirstMyData.storyboard in Resources */,
				BAF59EFB26DA058A0064A91A /* FileTableViewCell.xib in Resources */,
				BAF59EF626D9FF530064A91A /* SecondMyPage.storyboard in Resources */,
				BAD990CF26D3B94E0049EAB1 /* FirstRecord.storyboard in Resources */,
				BAD990BA26D3AC0F0049EAB1 /* Assets.xcassets in Resources */,
			);
			runOnlyForDeploymentPostprocessing = 0;
		};
/* End PBXResourcesBuildPhase section */

/* Begin PBXSourcesBuildPhase section */
		BAD990A926D3AC070049EAB1 /* Sources */ = {
			isa = PBXSourcesBuildPhase;
			buildActionMask = 2147483647;
			files = (
				BAF59EFA26DA058A0064A91A /* FileTableViewCell.swift in Sources */,
				BAD990D926D7B1CC0049EAB1 /* Date.swift in Sources */,
				BAF59F9526DBEA1D0064A91A /* MySwitcherConfig.swift in Sources */,
				BAF59F9826DBEA580064A91A /* MySwitcherView.swift in Sources */,
				BAD990CA26D3B23A0049EAB1 /* TabBarController.swift in Sources */,
				BAF59EEC26D9BB6B0064A91A /* SectionHeader.swift in Sources */,
				BAF59FA026DBEB6B0064A91A /* MySwitcherViewController+delegate.swift in Sources */,
				BAD990DB26D86AD10049EAB1 /* UIColorHex.swift in Sources */,
				BAF59EFD26DA26F70064A91A /* Today.swift in Sources */,
				BAF59F9326DBE9ED0064A91A /* UIView+Constraint.swift in Sources */,
				BAF59F9C26DBEAB90064A91A /* MySwitcherViewController.swift in Sources */,
				BAD990D726D3BADC0049EAB1 /* MyPageViewController.swift in Sources */,
				BAF59EE826D92FA50064A91A /* SectionHeaderView.swift in Sources */,
				BAF59EF426D9FEEB0064A91A /* FileViewController.swift in Sources */,
				BAD990B526D3AC070049EAB1 /* RecordViewController.swift in Sources */,
				BAF59FA226DBEB950064A91A /* ContentViewController.swift in Sources */,
				BAD990B126D3AC070049EAB1 /* AppDelegate.swift in Sources */,
				BAF59F9A26DBEA890064A91A /* MySwticherContentView.swift in Sources */,
				BAF59EF026D9F40A0064A91A /* FolderTableViewCell.swift in Sources */,
				BAF59EFF26DA37390064A91A /* WeekDay.swift in Sources */,
				BAD990D526D3BA910049EAB1 /* MyDataViewController.swift in Sources */,
				BAF59F9E26DBEB570064A91A /* MySwitcherViewController+setup.swift in Sources */,
			);
			runOnlyForDeploymentPostprocessing = 0;
		};
/* End PBXSourcesBuildPhase section */

/* Begin PBXVariantGroup section */
		BAD990BB26D3AC0F0049EAB1 /* LaunchScreen.storyboard */ = {
			isa = PBXVariantGroup;
			children = (
				BAD990BC26D3AC0F0049EAB1 /* Base */,
			);
			name = LaunchScreen.storyboard;
			sourceTree = "<group>";
		};
/* End PBXVariantGroup section */

/* Begin XCBuildConfiguration section */
		BAD990BF26D3AC0F0049EAB1 /* Debug */ = {
			isa = XCBuildConfiguration;
			buildSettings = {
				ALWAYS_SEARCH_USER_PATHS = NO;
				CLANG_ANALYZER_NONNULL = YES;
				CLANG_ANALYZER_NUMBER_OBJECT_CONVERSION = YES_AGGRESSIVE;
				CLANG_CXX_LANGUAGE_STANDARD = "gnu++14";
				CLANG_CXX_LIBRARY = "libc++";
				CLANG_ENABLE_MODULES = YES;
				CLANG_ENABLE_OBJC_ARC = YES;
				CLANG_ENABLE_OBJC_WEAK = YES;
				CLANG_WARN_BLOCK_CAPTURE_AUTORELEASING = YES;
				CLANG_WARN_BOOL_CONVERSION = YES;
				CLANG_WARN_COMMA = YES;
				CLANG_WARN_CONSTANT_CONVERSION = YES;
				CLANG_WARN_DEPRECATED_OBJC_IMPLEMENTATIONS = YES;
				CLANG_WARN_DIRECT_OBJC_ISA_USAGE = YES_ERROR;
				CLANG_WARN_DOCUMENTATION_COMMENTS = YES;
				CLANG_WARN_EMPTY_BODY = YES;
				CLANG_WARN_ENUM_CONVERSION = YES;
				CLANG_WARN_INFINITE_RECURSION = YES;
				CLANG_WARN_INT_CONVERSION = YES;
				CLANG_WARN_NON_LITERAL_NULL_CONVERSION = YES;
				CLANG_WARN_OBJC_IMPLICIT_RETAIN_SELF = YES;
				CLANG_WARN_OBJC_LITERAL_CONVERSION = YES;
				CLANG_WARN_OBJC_ROOT_CLASS = YES_ERROR;
				CLANG_WARN_QUOTED_INCLUDE_IN_FRAMEWORK_HEADER = YES;
				CLANG_WARN_RANGE_LOOP_ANALYSIS = YES;
				CLANG_WARN_STRICT_PROTOTYPES = YES;
				CLANG_WARN_SUSPICIOUS_MOVE = YES;
				CLANG_WARN_UNGUARDED_AVAILABILITY = YES_AGGRESSIVE;
				CLANG_WARN_UNREACHABLE_CODE = YES;
				CLANG_WARN__DUPLICATE_METHOD_MATCH = YES;
				COPY_PHASE_STRIP = NO;
				DEBUG_INFORMATION_FORMAT = dwarf;
				ENABLE_STRICT_OBJC_MSGSEND = YES;
				ENABLE_TESTABILITY = YES;
				GCC_C_LANGUAGE_STANDARD = gnu11;
				GCC_DYNAMIC_NO_PIC = NO;
				GCC_NO_COMMON_BLOCKS = YES;
				GCC_OPTIMIZATION_LEVEL = 0;
				GCC_PREPROCESSOR_DEFINITIONS = (
					"DEBUG=1",
					"$(inherited)",
				);
				GCC_WARN_64_TO_32_BIT_CONVERSION = YES;
				GCC_WARN_ABOUT_RETURN_TYPE = YES_ERROR;
				GCC_WARN_UNDECLARED_SELECTOR = YES;
				GCC_WARN_UNINITIALIZED_AUTOS = YES_AGGRESSIVE;
				GCC_WARN_UNUSED_FUNCTION = YES;
				GCC_WARN_UNUSED_VARIABLE = YES;
				IPHONEOS_DEPLOYMENT_TARGET = 14.5;
				MTL_ENABLE_DEBUG_INFO = INCLUDE_SOURCE;
				MTL_FAST_MATH = YES;
				ONLY_ACTIVE_ARCH = YES;
				SDKROOT = iphoneos;
				SWIFT_ACTIVE_COMPILATION_CONDITIONS = DEBUG;
				SWIFT_OPTIMIZATION_LEVEL = "-Onone";
			};
			name = Debug;
		};
		BAD990C026D3AC0F0049EAB1 /* Release */ = {
			isa = XCBuildConfiguration;
			buildSettings = {
				ALWAYS_SEARCH_USER_PATHS = NO;
				CLANG_ANALYZER_NONNULL = YES;
				CLANG_ANALYZER_NUMBER_OBJECT_CONVERSION = YES_AGGRESSIVE;
				CLANG_CXX_LANGUAGE_STANDARD = "gnu++14";
				CLANG_CXX_LIBRARY = "libc++";
				CLANG_ENABLE_MODULES = YES;
				CLANG_ENABLE_OBJC_ARC = YES;
				CLANG_ENABLE_OBJC_WEAK = YES;
				CLANG_WARN_BLOCK_CAPTURE_AUTORELEASING = YES;
				CLANG_WARN_BOOL_CONVERSION = YES;
				CLANG_WARN_COMMA = YES;
				CLANG_WARN_CONSTANT_CONVERSION = YES;
				CLANG_WARN_DEPRECATED_OBJC_IMPLEMENTATIONS = YES;
				CLANG_WARN_DIRECT_OBJC_ISA_USAGE = YES_ERROR;
				CLANG_WARN_DOCUMENTATION_COMMENTS = YES;
				CLANG_WARN_EMPTY_BODY = YES;
				CLANG_WARN_ENUM_CONVERSION = YES;
				CLANG_WARN_INFINITE_RECURSION = YES;
				CLANG_WARN_INT_CONVERSION = YES;
				CLANG_WARN_NON_LITERAL_NULL_CONVERSION = YES;
				CLANG_WARN_OBJC_IMPLICIT_RETAIN_SELF = YES;
				CLANG_WARN_OBJC_LITERAL_CONVERSION = YES;
				CLANG_WARN_OBJC_ROOT_CLASS = YES_ERROR;
				CLANG_WARN_QUOTED_INCLUDE_IN_FRAMEWORK_HEADER = YES;
				CLANG_WARN_RANGE_LOOP_ANALYSIS = YES;
				CLANG_WARN_STRICT_PROTOTYPES = YES;
				CLANG_WARN_SUSPICIOUS_MOVE = YES;
				CLANG_WARN_UNGUARDED_AVAILABILITY = YES_AGGRESSIVE;
				CLANG_WARN_UNREACHABLE_CODE = YES;
				CLANG_WARN__DUPLICATE_METHOD_MATCH = YES;
				COPY_PHASE_STRIP = NO;
				DEBUG_INFORMATION_FORMAT = "dwarf-with-dsym";
				ENABLE_NS_ASSERTIONS = NO;
				ENABLE_STRICT_OBJC_MSGSEND = YES;
				GCC_C_LANGUAGE_STANDARD = gnu11;
				GCC_NO_COMMON_BLOCKS = YES;
				GCC_WARN_64_TO_32_BIT_CONVERSION = YES;
				GCC_WARN_ABOUT_RETURN_TYPE = YES_ERROR;
				GCC_WARN_UNDECLARED_SELECTOR = YES;
				GCC_WARN_UNINITIALIZED_AUTOS = YES_AGGRESSIVE;
				GCC_WARN_UNUSED_FUNCTION = YES;
				GCC_WARN_UNUSED_VARIABLE = YES;
				IPHONEOS_DEPLOYMENT_TARGET = 14.5;
				MTL_ENABLE_DEBUG_INFO = NO;
				MTL_FAST_MATH = YES;
				SDKROOT = iphoneos;
				SWIFT_COMPILATION_MODE = wholemodule;
				SWIFT_OPTIMIZATION_LEVEL = "-O";
				VALIDATE_PRODUCT = YES;
			};
			name = Release;
		};
		BAD990C226D3AC0F0049EAB1 /* Debug */ = {
			isa = XCBuildConfiguration;
			buildSettings = {
				ASSETCATALOG_COMPILER_APPICON_NAME = AppIcon;
				ASSETCATALOG_COMPILER_GLOBAL_ACCENT_COLOR_NAME = AccentColor;
				CODE_SIGN_STYLE = Automatic;
				DEVELOPMENT_TEAM = T74T7UNB27;
				INFOPLIST_FILE = TableView_Practice1/Info.plist;
				IPHONEOS_DEPLOYMENT_TARGET = 13.0;
				LD_RUNPATH_SEARCH_PATHS = (
					"$(inherited)",
					"@executable_path/Frameworks",
				);
				PRODUCT_BUNDLE_IDENTIFIER = "ponta410422-icloud.com.TableView-Practice1";
				PRODUCT_NAME = "$(TARGET_NAME)";
				SWIFT_VERSION = 5.0;
				TARGETED_DEVICE_FAMILY = 1;
			};
			name = Debug;
		};
		BAD990C326D3AC0F0049EAB1 /* Release */ = {
			isa = XCBuildConfiguration;
			buildSettings = {
				ASSETCATALOG_COMPILER_APPICON_NAME = AppIcon;
				ASSETCATALOG_COMPILER_GLOBAL_ACCENT_COLOR_NAME = AccentColor;
				CODE_SIGN_STYLE = Automatic;
				DEVELOPMENT_TEAM = T74T7UNB27;
				INFOPLIST_FILE = TableView_Practice1/Info.plist;
				IPHONEOS_DEPLOYMENT_TARGET = 13.0;
				LD_RUNPATH_SEARCH_PATHS = (
					"$(inherited)",
					"@executable_path/Frameworks",
				);
				PRODUCT_BUNDLE_IDENTIFIER = "ponta410422-icloud.com.TableView-Practice1";
				PRODUCT_NAME = "$(TARGET_NAME)";
				SWIFT_VERSION = 5.0;
				TARGETED_DEVICE_FAMILY = 1;
			};
			name = Release;
		};
/* End XCBuildConfiguration section */

/* Begin XCConfigurationList section */
		BAD990A826D3AC070049EAB1 /* Build configuration list for PBXProject "TableView_Practice1" */ = {
			isa = XCConfigurationList;
			buildConfigurations = (
				BAD990BF26D3AC0F0049EAB1 /* Debug */,
				BAD990C026D3AC0F0049EAB1 /* Release */,
			);
			defaultConfigurationIsVisible = 0;
			defaultConfigurationName = Release;
		};
		BAD990C126D3AC0F0049EAB1 /* Build configuration list for PBXNativeTarget "TableView_Practice1" */ = {
			isa = XCConfigurationList;
			buildConfigurations = (
				BAD990C226D3AC0F0049EAB1 /* Debug */,
				BAD990C326D3AC0F0049EAB1 /* Release */,
			);
			defaultConfigurationIsVisible = 0;
			defaultConfigurationName = Release;
		};
/* End XCConfigurationList section */
	};
	rootObject = BAD990A526D3AC070049EAB1 /* Project object */;
}
